<?xml version="1.0" encoding="utf-8"?>
<Project ToolsVersion="4.0" xmlns="http://schemas.microsoft.com/developer/msbuild/2003">
  <ItemGroup>
    <Filter Include="Source Files">
      <UniqueIdentifier>{4FC737F1-C7A5-4376-A066-2A32D752A2FF}</UniqueIdentifier>
      <Extensions>cpp;c;cc;cxx;c++;cppm;ixx;def;odl;idl;hpj;bat;asm;asmx</Extensions>
    </Filter>
    <Filter Include="Header Files">
      <UniqueIdentifier>{93995380-89BD-4b04-88EB-625FBE52EBFB}</UniqueIdentifier>
      <Extensions>h;hh;hpp;hxx;h++;hm;inl;inc;ipp;xsd</Extensions>
    </Filter>
    <Filter Include="Resource Files">
      <UniqueIdentifier>{67DA6AB6-F800-4c08-8B7A-83BB121AAD01}</UniqueIdentifier>
      <Extensions>rc;ico;cur;bmp;dlg;rc2;rct;bin;rgs;gif;jpg;jpeg;jpe;resx;tiff;tif;png;wav;mfcribbon-ms</Extensions>
    </Filter>
    <Filter Include="Header Files\Enums">
      <UniqueIdentifier>{33e4a0b2-5702-4f63-92ed-83e3fa25ab40}</UniqueIdentifier>
    </Filter>
    <Filter Include="Header Files\Tickets">
      <UniqueIdentifier>{4539fd6c-acdd-4827-97dd-f0bdd336d887}</UniqueIdentifier>
    </Filter>
    <Filter Include="Source Files\Tickets">
      <UniqueIdentifier>{c16e0876-8d2a-4abf-b17c-dbd4a9731960}</UniqueIdentifier>
    </Filter>
    <Filter Include="Header Files\Hashing">
      <UniqueIdentifier>{0f165161-5ac5-4c02-a9a8-1297829f780c}</UniqueIdentifier>
    </Filter>
    <Filter Include="Source Files\Hashing">
      <UniqueIdentifier>{9f3bd4f6-d787-45ed-94d1-33dfb76e64b4}</UniqueIdentifier>
    </Filter>
    <Filter Include="Header Files\Users">
      <UniqueIdentifier>{afdc1119-8d5b-451a-922e-cd5ffa9cb80e}</UniqueIdentifier>
    </Filter>
    <Filter Include="Source Files\User">
      <UniqueIdentifier>{9e40be4d-1caa-4515-b41b-de73c0af556b}</UniqueIdentifier>
    </Filter>
  </ItemGroup>
  <ItemGroup>
    <ClInclude Include="Enum_Packets.h">
      <Filter>Header Files\Enums</Filter>
    </ClInclude>
    <ClInclude Include="ITicket.h">
      <Filter>Header Files\Tickets</Filter>
    </ClInclude>
    <ClInclude Include="Ticket.h">
      <Filter>Header Files\Tickets</Filter>
    </ClInclude>
    <ClInclude Include="bcrypt.h">
      <Filter>Header Files\Hashing</Filter>
    </ClInclude>
    <ClInclude Include="node_blf.h">
      <Filter>Header Files\Hashing</Filter>
    </ClInclude>
    <ClInclude Include="openbsd.h">
      <Filter>Header Files\Hashing</Filter>
    </ClInclude>
    <ClInclude Include="IUser.h">
      <Filter>Header Files\Users</Filter>
    </ClInclude>
    <ClInclude Include="User.h">
      <Filter>Header Files\Users</Filter>
    </ClInclude>
  </ItemGroup>
  <ItemGroup>
    <ClCompile Include="Ticket.cpp">
      <Filter>Source Files\Tickets</Filter>
    </ClCompile>
    <ClCompile Include="bcrypt.cpp">
      <Filter>Source Files\Hashing</Filter>
    </ClCompile>
    <ClCompile Include="blowfish.cpp">
      <Filter>Source Files\Hashing</Filter>
    </ClCompile>
    <ClCompile Include="main.cpp">
      <Filter>Source Files</Filter>
    </ClCompile>
    <ClCompile Include="User.cpp">
      <Filter>Source Files\User</Filter>
    </ClCompile>
  </ItemGroup>
</Project>