<?xml version="1.0" encoding="utf-8"?>
<Project ToolsVersion="4.0" xmlns="http://schemas.microsoft.com/developer/msbuild/2003">
  <ItemGroup>
    <Filter Include="Source Files">
      <UniqueIdentifier>{4FC737F1-C7A5-4376-A066-2A32D752A2FF}</UniqueIdentifier>
      <Extensions>cpp;c;cc;cxx;c++;cppm;ixx;def;odl;idl;hpj;bat;asm;asmx</Extensions>
    </Filter>
    <Filter Include="Header Files">
      <UniqueIdentifier>{93995380-89BD-4b04-88EB-625FBE52EBFB}</UniqueIdentifier>
      <Extensions>h;hh;hpp;hxx;h++;hm;inl;inc;ipp;xsd</Extensions>
    </Filter>
    <Filter Include="Resource Files">
      <UniqueIdentifier>{67DA6AB6-F800-4c08-8B7A-83BB121AAD01}</UniqueIdentifier>
      <Extensions>rc;ico;cur;bmp;dlg;rc2;rct;bin;rgs;gif;jpg;jpeg;jpe;resx;tiff;tif;png;wav;mfcribbon-ms</Extensions>
    </Filter>
    <Filter Include="Header Files\Server">
      <UniqueIdentifier>{5b9f6383-537d-472b-a504-4dd369baa343}</UniqueIdentifier>
    </Filter>
    <Filter Include="Source Files\Server">
      <UniqueIdentifier>{65df873f-46d5-4e2a-85e6-5905a0844931}</UniqueIdentifier>
    </Filter>
    <Filter Include="Header Files\SQL">
      <UniqueIdentifier>{de6ce338-aa64-483d-82e7-1b2f1186d805}</UniqueIdentifier>
    </Filter>
    <Filter Include="Source Files\SQL">
      <UniqueIdentifier>{ad377d8e-477f-4e87-b5da-ee02bfb5d132}</UniqueIdentifier>
    </Filter>
    <Filter Include="Source Files\Hashing">
      <UniqueIdentifier>{b8311c54-e369-441a-839b-b659e2c1f6ba}</UniqueIdentifier>
    </Filter>
    <Filter Include="Header Files\Hashing">
      <UniqueIdentifier>{78a64c80-0ca1-416f-a883-09787718f5df}</UniqueIdentifier>
    </Filter>
  </ItemGroup>
  <ItemGroup>
    <ClCompile Include="server-main.cpp">
      <Filter>Source Files</Filter>
    </ClCompile>
    <ClCompile Include="Server.cpp">
      <Filter>Source Files\Server</Filter>
    </ClCompile>
    <ClCompile Include="SQLServer.cpp">
      <Filter>Source Files\SQL</Filter>
    </ClCompile>
    <ClCompile Include="..\SharedLibs\bcrypt.cpp">
      <Filter>Source Files\Hashing</Filter>
    </ClCompile>
    <ClCompile Include="..\SharedLibs\blowfish.cpp">
      <Filter>Source Files\Hashing</Filter>
    </ClCompile>
  </ItemGroup>
  <ItemGroup>
    <ClInclude Include="Server.h">
      <Filter>Header Files\Server</Filter>
    </ClInclude>
    <ClInclude Include="SQLServer.h">
      <Filter>Header Files\SQL</Filter>
    </ClInclude>
    <ClInclude Include="..\SharedLibs\bcrypt.h">
      <Filter>Header Files\Hashing</Filter>
    </ClInclude>
    <ClInclude Include="..\SharedLibs\node_blf.h">
      <Filter>Header Files\Hashing</Filter>
    </ClInclude>
    <ClInclude Include="..\SharedLibs\openbsd.h">
      <Filter>Header Files\Hashing</Filter>
    </ClInclude>
  </ItemGroup>
</Project>